dependencies:
  @nativescript-community/perms: 2.0.6
lockfileVersion: 5.1
packages:
  /@nativescript-community/perms/2.0.6:
    dev: false
    resolution:
      integrity: sha512-DmVSk2D7rX0IAK6oFyVFTHUBQLp5lsx8i841Fl67KN8IrzQ0vWbPRd01Z1SS0ka4YSEpH1WZjIT8wg3khgr5vQ==
specifiers:
  @nativescript-community/perms: ^2.0.4
